// !$*UTF8*$!
{
	archiveVersion = 1;
	classes = {
	};
	objectVersion = 46;
	objects = {

/* Begin PBXBuildFile section */
		01775B2BD2B984568E55356D /* AppCoordinator.swift in Sources */ = {isa = PBXBuildFile; fileRef = 5AC63BF232D9B5AD941899DF /* AppCoordinator.swift */; };
		09C5E014373D84165811E7FF /* github.png in Resources */ = {isa = PBXBuildFile; fileRef = 0779E9434C183D48414A37A4 /* github.png */; };
		0F160020109D9D9BD0F21B79 /* InterfacePreviews.swift in Sources */ = {isa = PBXBuildFile; fileRef = 6033ABE74ABBFE1535597AE3 /* InterfacePreviews.swift */; };
		14E54AD38076B099B5376F0D /* header.png in Resources */ = {isa = PBXBuildFile; fileRef = 22A838F9CD0D5F33D96193FE /* header.png */; };
		17A7D358B168F586B5FE15DC /* main.swift in Sources */ = {isa = PBXBuildFile; fileRef = 512027CC56E1EC57A5A59843 /* main.swift */; };
		183C43C675EEB624707AE0F4 /* PanelConfigurationTests.swift in Sources */ = {isa = PBXBuildFile; fileRef = 986E5579E7CAFB1BC83DB822 /* PanelConfigurationTests.swift */; };
		1855078BA6D17174284D7522 /* LookAndFeelSettingsView.swift in Sources */ = {isa = PBXBuildFile; fileRef = EA84E765C76F82C8887524DA /* LookAndFeelSettingsView.swift */; };
		2261EC018EAF678AB723DD99 /* FloatingPanelStateController.swift in Sources */ = {isa = PBXBuildFile; fileRef = 0E0AA5274255290BF272663D /* FloatingPanelStateController.swift */; };
		27CFC0A4D85E4A709ED0D56E /* PreviewSupport.swift in Sources */ = {isa = PBXBuildFile; fileRef = 3164CC62D31FA945B8905E46 /* PreviewSupport.swift */; };
		32CC580D9A9DB536F219149C /* PreferencesWindowController.swift in Sources */ = {isa = PBXBuildFile; fileRef = 197A5F1BA031FF3AD8A6A0D5 /* PreferencesWindowController.swift */; };
		33E211DF6F9283DA848CBDB9 /* menubar_icon@2x.png in Resources */ = {isa = PBXBuildFile; fileRef = E9704C1657CF71811407FADB /* menubar_icon@2x.png */; };
		36D82E8ED49958B83FAB9E58 /* Settings.swift in Sources */ = {isa = PBXBuildFile; fileRef = 1D53DF9777712F14BA33E5BE /* Settings.swift */; };
		418537AED088FCCE6BBDA95F /* CoreDataStack.swift in Sources */ = {isa = PBXBuildFile; fileRef = 2E2124AF5A26465F18A7AE46 /* CoreDataStack.swift */; };
		4D3673F88879F6DA7CC93354 /* HotkeyService.swift in Sources */ = {isa = PBXBuildFile; fileRef = 4B3DE9FFF1F8EABC0E76632C /* HotkeyService.swift */; };
		534A317D02EB59E483FDDB63 /* HotkeyServiceTests.swift in Sources */ = {isa = PBXBuildFile; fileRef = 6DB3764F59472DF94BBB2FD0 /* HotkeyServiceTests.swift */; };
		55AD44A6D4F2F7AD615E8A9A /* ClipTableCellView.swift in Sources */ = {isa = PBXBuildFile; fileRef = 5E75AA1A765BA0A47A14D5E2 /* ClipTableCellView.swift */; };
		6863E4CE2D302156ABA988D8 /* ClipboardItem.swift in Sources */ = {isa = PBXBuildFile; fileRef = E25BD13D9822A8BA2FF064DE /* ClipboardItem.swift */; };
		6FDE5E5E65507978F7A9B8A3 /* ClipboardActionService.swift in Sources */ = {isa = PBXBuildFile; fileRef = DC81AF8F10F990B6A5029747 /* ClipboardActionService.swift */; };
		73A6D0D1B0BAD27E58D1700C /* PanelConfiguration.swift in Sources */ = {isa = PBXBuildFile; fileRef = 096A6DEA32BDE2782E249DDD /* PanelConfiguration.swift */; };
		756D7C382C79EEC588E1FFF1 /* GeneralSettingsView.swift in Sources */ = {isa = PBXBuildFile; fileRef = E09C6A70D286A41EA9E0180F /* GeneralSettingsView.swift */; };
		858C7FD7B8C1A1BE23A39C4D /* RulesSettingsView.swift in Sources */ = {isa = PBXBuildFile; fileRef = 80648C239F8175A1069B4DE3 /* RulesSettingsView.swift */; };
		8B32ED1DB248772BD2481871 /* AboutSettingsView.swift in Sources */ = {isa = PBXBuildFile; fileRef = 6BCED79021F918DC4C3421E2 /* AboutSettingsView.swift */; };
		8B8CBC8F2F1FE33469C4B532 /* SettingsView.swift in Sources */ = {isa = PBXBuildFile; fileRef = 1C5C9D18407022287CC83D8C /* SettingsView.swift */; };
		8C2F5CD1860925D33C8E2A6D /* ClipboardHistoryViewController.swift in Sources */ = {isa = PBXBuildFile; fileRef = D42A666C352A6DDF70A08958 /* ClipboardHistoryViewController.swift */; };
		8FC975E0073AB19B1A1B796C /* Cocoa.framework in Frameworks */ = {isa = PBXBuildFile; fileRef = 6469682200DA419F782B55F1 /* Cocoa.framework */; };
		94BE40A22DF86C7C8458C822 /* RegexSettingsView.swift in Sources */ = {isa = PBXBuildFile; fileRef = A71EF945993B26D828DBB071 /* RegexSettingsView.swift */; };
		A383A4BB2ABBC7A7587B90BB /* ClipboardServiceTests.swift in Sources */ = {isa = PBXBuildFile; fileRef = 184384BD842485EEC1BEC1AF /* ClipboardServiceTests.swift */; };
		A4F9491AA1BA2D1C21D53E5A /* LookEditorController.swift in Sources */ = {isa = PBXBuildFile; fileRef = 259EBB2EF42ECDDF591B9BA0 /* LookEditorController.swift */; };
		A58F80E57ACA4BA7624AD8FF /* FloatingClipboardViewController.swift in Sources */ = {isa = PBXBuildFile; fileRef = 464B9DC2CBF910790BB07F5C /* FloatingClipboardViewController.swift */; };
		B9A7F6201EE404E2BD154E6D /* ScreenPositionPicker.swift in Sources */ = {isa = PBXBuildFile; fileRef = DBD69918031B06C7AC6D4822 /* ScreenPositionPicker.swift */; };
		BEE8755E96FB49D76BD521F0 /* AppDelegate.swift in Sources */ = {isa = PBXBuildFile; fileRef = C932435BEF35E4FA596FC3EE /* AppDelegate.swift */; };
		BFCF45A4D9157B735FCFF12C /* MainWindowController.swift in Sources */ = {isa = PBXBuildFile; fileRef = 4CE60308A3821910F2F36D10 /* MainWindowController.swift */; };
		CBC5D328113EC42C23E8035A /* KeyboardShortcutFormatter.swift in Sources */ = {isa = PBXBuildFile; fileRef = F191EFF3A7876DB49FB2B0DA /* KeyboardShortcutFormatter.swift */; };
		CCE8AF5F60CE8C1C11CA5829 /* HotkeyRecorder.swift in Sources */ = {isa = PBXBuildFile; fileRef = B69E1E46C748009A5D150083 /* HotkeyRecorder.swift */; };
		D2713D0759AA68F17742A942 /* ClipboardItemType.swift in Sources */ = {isa = PBXBuildFile; fileRef = C2C96FA23C1816D8A99DCC75 /* ClipboardItemType.swift */; };
		D6914ADC0F996C397649CDBA /* ClipboardRule.swift in Sources */ = {isa = PBXBuildFile; fileRef = 1ED6FF302F6276FB0084C62A /* ClipboardRule.swift */; };
		D6B4AEA840B8BF566DB11459 /* ClipboardRuleEngine.swift in Sources */ = {isa = PBXBuildFile; fileRef = B5CB08820D4F594207AC3EE7 /* ClipboardRuleEngine.swift */; };
		E16FE688C6783796605A16BE /* TransformsSettingsView.swift in Sources */ = {isa = PBXBuildFile; fileRef = E22238A7495ACEFB8182ABC8 /* TransformsSettingsView.swift */; };
		E2642C30CFBD6183CDF7967A /* LargeTypeWindow.swift in Sources */ = {isa = PBXBuildFile; fileRef = 621B189352EC34304D58283D /* LargeTypeWindow.swift */; };
		E58B4A1E968A318DAE35D23D /* ClipboardService.swift in Sources */ = {isa = PBXBuildFile; fileRef = ED48DFE91B7B94FABC143FAE /* ClipboardService.swift */; };
		E699972208D83AEF4F868BF8 /* FloatingPanel.swift in Sources */ = {isa = PBXBuildFile; fileRef = 94849A033661F570A64CB660 /* FloatingPanel.swift */; };
		EAB500F4AF4D8E47B5FEA74B /* HotkeySettingsView.swift in Sources */ = {isa = PBXBuildFile; fileRef = 66A34C3B439726D98A6BC5A0 /* HotkeySettingsView.swift */; };
		F66D0463C796783AD84305BC /* Cocoa.framework in Frameworks */ = {isa = PBXBuildFile; fileRef = 6469682200DA419F782B55F1 /* Cocoa.framework */; };
		F6C4241621372373257489C9 /* ClipboardRepository.swift in Sources */ = {isa = PBXBuildFile; fileRef = 9C7528762FDF78EC20D9D8F1 /* ClipboardRepository.swift */; };
		FBD128897415DB6C50E66F3F /* AppIcon.icns in Resources */ = {isa = PBXBuildFile; fileRef = 8C0618483964FFF27A3A34D6 /* AppIcon.icns */; };
/* End PBXBuildFile section */

/* Begin PBXContainerItemProxy section */
		8773BCDC31F209497AA300B7 /* PBXContainerItemProxy */ = {
			isa = PBXContainerItemProxy;
			containerPortal = 24223C2E3CED11DFFCED8D5A /* Project object */;
			proxyType = 1;
			remoteGlobalIDString = 01195638FD4368829EA8D292;
			remoteInfo = ClipMoar;
		};
/* End PBXContainerItemProxy section */

/* Begin PBXFileReference section */
		0779E9434C183D48414A37A4 /* github.png */ = {isa = PBXFileReference; includeInIndex = 1; lastKnownFileType = image.png; name = github.png; path = assets/github.png; sourceTree = "<group>"; };
		096A6DEA32BDE2782E249DDD /* PanelConfiguration.swift */ = {isa = PBXFileReference; includeInIndex = 1; lastKnownFileType = sourcecode.swift; name = PanelConfiguration.swift; path = ClipMoar/Models/PanelConfiguration.swift; sourceTree = "<group>"; };
		0E0AA5274255290BF272663D /* FloatingPanelStateController.swift */ = {isa = PBXFileReference; includeInIndex = 1; lastKnownFileType = sourcecode.swift; name = FloatingPanelStateController.swift; path = ClipMoar/Services/FloatingPanelStateController.swift; sourceTree = "<group>"; };
		184384BD842485EEC1BEC1AF /* ClipboardServiceTests.swift */ = {isa = PBXFileReference; includeInIndex = 1; lastKnownFileType = sourcecode.swift; name = ClipboardServiceTests.swift; path = Tests/ClipboardServiceTests.swift; sourceTree = "<group>"; };
		197A5F1BA031FF3AD8A6A0D5 /* PreferencesWindowController.swift */ = {isa = PBXFileReference; includeInIndex = 1; lastKnownFileType = sourcecode.swift; name = PreferencesWindowController.swift; path = ClipMoar/Views/PreferencesWindowController.swift; sourceTree = "<group>"; };
		1C5C9D18407022287CC83D8C /* SettingsView.swift */ = {isa = PBXFileReference; includeInIndex = 1; lastKnownFileType = sourcecode.swift; name = SettingsView.swift; path = ClipMoar/Views/Settings/SettingsView.swift; sourceTree = "<group>"; };
		1D53DF9777712F14BA33E5BE /* Settings.swift */ = {isa = PBXFileReference; includeInIndex = 1; lastKnownFileType = sourcecode.swift; name = Settings.swift; path = ClipMoar/Models/Settings.swift; sourceTree = "<group>"; };
		1ED6FF302F6276FB0084C62A /* ClipboardRule.swift */ = {isa = PBXFileReference; includeInIndex = 1; lastKnownFileType = sourcecode.swift; name = ClipboardRule.swift; path = ClipMoar/Models/ClipboardRule.swift; sourceTree = "<group>"; };
		22A838F9CD0D5F33D96193FE /* header.png */ = {isa = PBXFileReference; includeInIndex = 1; lastKnownFileType = image.png; name = header.png; path = assets/header.png; sourceTree = "<group>"; };
		259EBB2EF42ECDDF591B9BA0 /* LookEditorController.swift */ = {isa = PBXFileReference; includeInIndex = 1; lastKnownFileType = sourcecode.swift; name = LookEditorController.swift; path = ClipMoar/Views/LookEditorController.swift; sourceTree = "<group>"; };
		2E2124AF5A26465F18A7AE46 /* CoreDataStack.swift */ = {isa = PBXFileReference; includeInIndex = 1; lastKnownFileType = sourcecode.swift; name = CoreDataStack.swift; path = ClipMoar/Models/CoreDataStack.swift; sourceTree = "<group>"; };
		3164CC62D31FA945B8905E46 /* PreviewSupport.swift */ = {isa = PBXFileReference; includeInIndex = 1; lastKnownFileType = sourcecode.swift; name = PreviewSupport.swift; path = ClipMoar/Previews/PreviewSupport.swift; sourceTree = "<group>"; };
		3954D8A005D0BA3665D75A2B /* Info.plist */ = {isa = PBXFileReference; includeInIndex = 1; lastKnownFileType = text.plist.xml; name = Info.plist; path = ClipMoar/Resources/Info.plist; sourceTree = "<group>"; };
		464B9DC2CBF910790BB07F5C /* FloatingClipboardViewController.swift */ = {isa = PBXFileReference; includeInIndex = 1; lastKnownFileType = sourcecode.swift; name = FloatingClipboardViewController.swift; path = ClipMoar/Views/FloatingClipboardViewController.swift; sourceTree = "<group>"; };
		4B3DE9FFF1F8EABC0E76632C /* HotkeyService.swift */ = {isa = PBXFileReference; includeInIndex = 1; lastKnownFileType = sourcecode.swift; name = HotkeyService.swift; path = ClipMoar/Services/HotkeyService.swift; sourceTree = "<group>"; };
		4CE60308A3821910F2F36D10 /* MainWindowController.swift */ = {isa = PBXFileReference; includeInIndex = 1; lastKnownFileType = sourcecode.swift; name = MainWindowController.swift; path = ClipMoar/Views/MainWindowController.swift; sourceTree = "<group>"; };
		512027CC56E1EC57A5A59843 /* main.swift */ = {isa = PBXFileReference; includeInIndex = 1; lastKnownFileType = sourcecode.swift; name = main.swift; path = ClipMoar/main.swift; sourceTree = "<group>"; };
		5240DCFD0DA1952854437414 /* ClipMoar.entitlements */ = {isa = PBXFileReference; includeInIndex = 1; lastKnownFileType = text.plist.entitlements; name = ClipMoar.entitlements; path = ClipMoar/Resources/ClipMoar.entitlements; sourceTree = "<group>"; };
		5AC63BF232D9B5AD941899DF /* AppCoordinator.swift */ = {isa = PBXFileReference; includeInIndex = 1; lastKnownFileType = sourcecode.swift; name = AppCoordinator.swift; path = ClipMoar/AppCoordinator.swift; sourceTree = "<group>"; };
		5E75AA1A765BA0A47A14D5E2 /* ClipTableCellView.swift */ = {isa = PBXFileReference; includeInIndex = 1; lastKnownFileType = sourcecode.swift; name = ClipTableCellView.swift; path = ClipMoar/Views/ClipTableCellView.swift; sourceTree = "<group>"; };
		6033ABE74ABBFE1535597AE3 /* InterfacePreviews.swift */ = {isa = PBXFileReference; includeInIndex = 1; lastKnownFileType = sourcecode.swift; name = InterfacePreviews.swift; path = ClipMoar/Previews/InterfacePreviews.swift; sourceTree = "<group>"; };
		621B189352EC34304D58283D /* LargeTypeWindow.swift */ = {isa = PBXFileReference; includeInIndex = 1; lastKnownFileType = sourcecode.swift; name = LargeTypeWindow.swift; path = ClipMoar/Views/LargeTypeWindow.swift; sourceTree = "<group>"; };
		6469682200DA419F782B55F1 /* Cocoa.framework */ = {isa = PBXFileReference; lastKnownFileType = wrapper.framework; name = Cocoa.framework; path = Platforms/MacOSX.platform/Developer/SDKs/MacOSX15.0.sdk/System/Library/Frameworks/Cocoa.framework; sourceTree = DEVELOPER_DIR; };
		66A34C3B439726D98A6BC5A0 /* HotkeySettingsView.swift */ = {isa = PBXFileReference; includeInIndex = 1; lastKnownFileType = sourcecode.swift; name = HotkeySettingsView.swift; path = ClipMoar/Views/Settings/HotkeySettingsView.swift; sourceTree = "<group>"; };
		6BCED79021F918DC4C3421E2 /* AboutSettingsView.swift */ = {isa = PBXFileReference; includeInIndex = 1; lastKnownFileType = sourcecode.swift; name = AboutSettingsView.swift; path = ClipMoar/Views/Settings/AboutSettingsView.swift; sourceTree = "<group>"; };
		6DB3764F59472DF94BBB2FD0 /* HotkeyServiceTests.swift */ = {isa = PBXFileReference; includeInIndex = 1; lastKnownFileType = sourcecode.swift; name = HotkeyServiceTests.swift; path = Tests/HotkeyServiceTests.swift; sourceTree = "<group>"; };
		7B7A61C818A899F775BD940A /* ClipMoarTests.xctest */ = {isa = PBXFileReference; explicitFileType = wrapper.cfbundle; includeInIndex = 0; path = ClipMoarTests.xctest; sourceTree = BUILT_PRODUCTS_DIR; };
		80648C239F8175A1069B4DE3 /* RulesSettingsView.swift */ = {isa = PBXFileReference; includeInIndex = 1; lastKnownFileType = sourcecode.swift; name = RulesSettingsView.swift; path = ClipMoar/Views/Settings/RulesSettingsView.swift; sourceTree = "<group>"; };
		8C0618483964FFF27A3A34D6 /* AppIcon.icns */ = {isa = PBXFileReference; includeInIndex = 1; name = AppIcon.icns; path = assets/AppIcon.icns; sourceTree = "<group>"; };
		94849A033661F570A64CB660 /* FloatingPanel.swift */ = {isa = PBXFileReference; includeInIndex = 1; lastKnownFileType = sourcecode.swift; name = FloatingPanel.swift; path = ClipMoar/Views/FloatingPanel.swift; sourceTree = "<group>"; };
		986E5579E7CAFB1BC83DB822 /* PanelConfigurationTests.swift */ = {isa = PBXFileReference; includeInIndex = 1; lastKnownFileType = sourcecode.swift; name = PanelConfigurationTests.swift; path = Tests/PanelConfigurationTests.swift; sourceTree = "<group>"; };
		9C7528762FDF78EC20D9D8F1 /* ClipboardRepository.swift */ = {isa = PBXFileReference; includeInIndex = 1; lastKnownFileType = sourcecode.swift; name = ClipboardRepository.swift; path = ClipMoar/Services/ClipboardRepository.swift; sourceTree = "<group>"; };
		A71EF945993B26D828DBB071 /* RegexSettingsView.swift */ = {isa = PBXFileReference; includeInIndex = 1; lastKnownFileType = sourcecode.swift; name = RegexSettingsView.swift; path = ClipMoar/Views/Settings/RegexSettingsView.swift; sourceTree = "<group>"; };
		AC6D187ECEFDE7C273747BFD /* ClipMoar.app */ = {isa = PBXFileReference; explicitFileType = wrapper.application; includeInIndex = 0; path = ClipMoar.app; sourceTree = BUILT_PRODUCTS_DIR; };
		B5CB08820D4F594207AC3EE7 /* ClipboardRuleEngine.swift */ = {isa = PBXFileReference; includeInIndex = 1; lastKnownFileType = sourcecode.swift; name = ClipboardRuleEngine.swift; path = ClipMoar/Services/ClipboardRuleEngine.swift; sourceTree = "<group>"; };
		B69E1E46C748009A5D150083 /* HotkeyRecorder.swift */ = {isa = PBXFileReference; includeInIndex = 1; lastKnownFileType = sourcecode.swift; name = HotkeyRecorder.swift; path = ClipMoar/Services/HotkeyRecorder.swift; sourceTree = "<group>"; };
		C2C96FA23C1816D8A99DCC75 /* ClipboardItemType.swift */ = {isa = PBXFileReference; includeInIndex = 1; lastKnownFileType = sourcecode.swift; name = ClipboardItemType.swift; path = ClipMoar/Models/ClipboardItemType.swift; sourceTree = "<group>"; };
		C932435BEF35E4FA596FC3EE /* AppDelegate.swift */ = {isa = PBXFileReference; includeInIndex = 1; lastKnownFileType = sourcecode.swift; name = AppDelegate.swift; path = ClipMoar/AppDelegate.swift; sourceTree = "<group>"; };
		D42A666C352A6DDF70A08958 /* ClipboardHistoryViewController.swift */ = {isa = PBXFileReference; includeInIndex = 1; lastKnownFileType = sourcecode.swift; name = ClipboardHistoryViewController.swift; path = ClipMoar/Views/ClipboardHistoryViewController.swift; sourceTree = "<group>"; };
		DBD69918031B06C7AC6D4822 /* ScreenPositionPicker.swift */ = {isa = PBXFileReference; includeInIndex = 1; lastKnownFileType = sourcecode.swift; name = ScreenPositionPicker.swift; path = ClipMoar/Views/ScreenPositionPicker.swift; sourceTree = "<group>"; };
		DC81AF8F10F990B6A5029747 /* ClipboardActionService.swift */ = {isa = PBXFileReference; includeInIndex = 1; lastKnownFileType = sourcecode.swift; name = ClipboardActionService.swift; path = ClipMoar/Services/ClipboardActionService.swift; sourceTree = "<group>"; };
		E09C6A70D286A41EA9E0180F /* GeneralSettingsView.swift */ = {isa = PBXFileReference; includeInIndex = 1; lastKnownFileType = sourcecode.swift; name = GeneralSettingsView.swift; path = ClipMoar/Views/Settings/GeneralSettingsView.swift; sourceTree = "<group>"; };
		E22238A7495ACEFB8182ABC8 /* TransformsSettingsView.swift */ = {isa = PBXFileReference; includeInIndex = 1; lastKnownFileType = sourcecode.swift; name = TransformsSettingsView.swift; path = ClipMoar/Views/Settings/TransformsSettingsView.swift; sourceTree = "<group>"; };
		E25BD13D9822A8BA2FF064DE /* ClipboardItem.swift */ = {isa = PBXFileReference; includeInIndex = 1; lastKnownFileType = sourcecode.swift; name = ClipboardItem.swift; path = ClipMoar/Models/ClipboardItem.swift; sourceTree = "<group>"; };
		E9704C1657CF71811407FADB /* menubar_icon@2x.png */ = {isa = PBXFileReference; includeInIndex = 1; lastKnownFileType = image.png; name = "menubar_icon@2x.png"; path = "assets/menubar_icon@2x.png"; sourceTree = "<group>"; };
		EA84E765C76F82C8887524DA /* LookAndFeelSettingsView.swift */ = {isa = PBXFileReference; includeInIndex = 1; lastKnownFileType = sourcecode.swift; name = LookAndFeelSettingsView.swift; path = ClipMoar/Views/Settings/LookAndFeelSettingsView.swift; sourceTree = "<group>"; };
		ED48DFE91B7B94FABC143FAE /* ClipboardService.swift */ = {isa = PBXFileReference; includeInIndex = 1; lastKnownFileType = sourcecode.swift; name = ClipboardService.swift; path = ClipMoar/Services/ClipboardService.swift; sourceTree = "<group>"; };
		F191EFF3A7876DB49FB2B0DA /* KeyboardShortcutFormatter.swift */ = {isa = PBXFileReference; includeInIndex = 1; lastKnownFileType = sourcecode.swift; name = KeyboardShortcutFormatter.swift; path = ClipMoar/Services/KeyboardShortcutFormatter.swift; sourceTree = "<group>"; };
/* End PBXFileReference section */

/* Begin PBXFrameworksBuildPhase section */
		7AC0B24A68CDEB996E5F54C1 /* Frameworks */ = {
			isa = PBXFrameworksBuildPhase;
			buildActionMask = 2147483647;
			files = (
				8FC975E0073AB19B1A1B796C /* Cocoa.framework in Frameworks */,
			);
			runOnlyForDeploymentPostprocessing = 0;
		};
		AD5ED052204F51C3583B38A5 /* Frameworks */ = {
			isa = PBXFrameworksBuildPhase;
			buildActionMask = 2147483647;
			files = (
				F66D0463C796783AD84305BC /* Cocoa.framework in Frameworks */,
			);
			runOnlyForDeploymentPostprocessing = 0;
		};
/* End PBXFrameworksBuildPhase section */

/* Begin PBXGroup section */
		031E38AA769EA36C636CEA81 = {
			isa = PBXGroup;
			children = (
				EC869386EE7DEB3A0E6DB1DB /* Products */,
				154625717E827E20117D86FE /* Frameworks */,
				E81B8D5A61673C16BAF937F0 /* ClipMoar */,
				04E8F8DDE52AE56E0CAF8725 /* Tests */,
				D774BC21EECEF42398D3F783 /* assets */,
			);
			sourceTree = "<group>";
		};
		04E8F8DDE52AE56E0CAF8725 /* Tests */ = {
			isa = PBXGroup;
			children = (
				184384BD842485EEC1BEC1AF /* ClipboardServiceTests.swift */,
				6DB3764F59472DF94BBB2FD0 /* HotkeyServiceTests.swift */,
				986E5579E7CAFB1BC83DB822 /* PanelConfigurationTests.swift */,
			);
			name = Tests;
			sourceTree = "<group>";
		};
		154625717E827E20117D86FE /* Frameworks */ = {
			isa = PBXGroup;
			children = (
				5C168CD03E27D71E70263C78 /* OS X */,
			);
			name = Frameworks;
			sourceTree = "<group>";
		};
		1839062FD1038DE0E1259B83 /* Models */ = {
			isa = PBXGroup;
			children = (
				E25BD13D9822A8BA2FF064DE /* ClipboardItem.swift */,
				C2C96FA23C1816D8A99DCC75 /* ClipboardItemType.swift */,
				1ED6FF302F6276FB0084C62A /* ClipboardRule.swift */,
				2E2124AF5A26465F18A7AE46 /* CoreDataStack.swift */,
				096A6DEA32BDE2782E249DDD /* PanelConfiguration.swift */,
				1D53DF9777712F14BA33E5BE /* Settings.swift */,
			);
			name = Models;
			sourceTree = "<group>";
		};
		418BD6F05D4F18EEAA007C95 /* Services */ = {
			isa = PBXGroup;
			children = (
				DC81AF8F10F990B6A5029747 /* ClipboardActionService.swift */,
				9C7528762FDF78EC20D9D8F1 /* ClipboardRepository.swift */,
				B5CB08820D4F594207AC3EE7 /* ClipboardRuleEngine.swift */,
				ED48DFE91B7B94FABC143FAE /* ClipboardService.swift */,
				0E0AA5274255290BF272663D /* FloatingPanelStateController.swift */,
				B69E1E46C748009A5D150083 /* HotkeyRecorder.swift */,
				4B3DE9FFF1F8EABC0E76632C /* HotkeyService.swift */,
				F191EFF3A7876DB49FB2B0DA /* KeyboardShortcutFormatter.swift */,
			);
			name = Services;
			sourceTree = "<group>";
		};
		482ADDA661FCBF7A253B2C38 /* Resources */ = {
			isa = PBXGroup;
			children = (
				3954D8A005D0BA3665D75A2B /* Info.plist */,
				5240DCFD0DA1952854437414 /* ClipMoar.entitlements */,
			);
			name = Resources;
			sourceTree = "<group>";
		};
		5C168CD03E27D71E70263C78 /* OS X */ = {
			isa = PBXGroup;
			children = (
				6469682200DA419F782B55F1 /* Cocoa.framework */,
			);
			name = "OS X";
			sourceTree = "<group>";
		};
		8F1A7E6B65101DF8957175B9 /* Previews */ = {
			isa = PBXGroup;
			children = (
				6033ABE74ABBFE1535597AE3 /* InterfacePreviews.swift */,
				3164CC62D31FA945B8905E46 /* PreviewSupport.swift */,
			);
			name = Previews;
			sourceTree = "<group>";
		};
		D62C6129DED3C53701D1EB35 /* Views */ = {
			isa = PBXGroup;
			children = (
				5E75AA1A765BA0A47A14D5E2 /* ClipTableCellView.swift */,
				D42A666C352A6DDF70A08958 /* ClipboardHistoryViewController.swift */,
				464B9DC2CBF910790BB07F5C /* FloatingClipboardViewController.swift */,
				94849A033661F570A64CB660 /* FloatingPanel.swift */,
				621B189352EC34304D58283D /* LargeTypeWindow.swift */,
				259EBB2EF42ECDDF591B9BA0 /* LookEditorController.swift */,
				4CE60308A3821910F2F36D10 /* MainWindowController.swift */,
				197A5F1BA031FF3AD8A6A0D5 /* PreferencesWindowController.swift */,
				DBD69918031B06C7AC6D4822 /* ScreenPositionPicker.swift */,
				FAF1C8EE17A4162F04EF5A9D /* Settings */,
			);
			name = Views;
			sourceTree = "<group>";
		};
		D774BC21EECEF42398D3F783 /* assets */ = {
			isa = PBXGroup;
			children = (
				8C0618483964FFF27A3A34D6 /* AppIcon.icns */,
				0779E9434C183D48414A37A4 /* github.png */,
				22A838F9CD0D5F33D96193FE /* header.png */,
				E9704C1657CF71811407FADB /* menubar_icon@2x.png */,
			);
			name = assets;
			sourceTree = "<group>";
		};
		E81B8D5A61673C16BAF937F0 /* ClipMoar */ = {
			isa = PBXGroup;
			children = (
				5AC63BF232D9B5AD941899DF /* AppCoordinator.swift */,
				C932435BEF35E4FA596FC3EE /* AppDelegate.swift */,
				1839062FD1038DE0E1259B83 /* Models */,
				8F1A7E6B65101DF8957175B9 /* Previews */,
				418BD6F05D4F18EEAA007C95 /* Services */,
				D62C6129DED3C53701D1EB35 /* Views */,
				512027CC56E1EC57A5A59843 /* main.swift */,
				482ADDA661FCBF7A253B2C38 /* Resources */,
			);
			name = ClipMoar;
			sourceTree = "<group>";
		};
		EC869386EE7DEB3A0E6DB1DB /* Products */ = {
			isa = PBXGroup;
			children = (
				AC6D187ECEFDE7C273747BFD /* ClipMoar.app */,
				7B7A61C818A899F775BD940A /* ClipMoarTests.xctest */,
			);
			name = Products;
			sourceTree = "<group>";
		};
		FAF1C8EE17A4162F04EF5A9D /* Settings */ = {
			isa = PBXGroup;
			children = (
				6BCED79021F918DC4C3421E2 /* AboutSettingsView.swift */,
				E09C6A70D286A41EA9E0180F /* GeneralSettingsView.swift */,
				66A34C3B439726D98A6BC5A0 /* HotkeySettingsView.swift */,
				EA84E765C76F82C8887524DA /* LookAndFeelSettingsView.swift */,
				A71EF945993B26D828DBB071 /* RegexSettingsView.swift */,
				80648C239F8175A1069B4DE3 /* RulesSettingsView.swift */,
				1C5C9D18407022287CC83D8C /* SettingsView.swift */,
				E22238A7495ACEFB8182ABC8 /* TransformsSettingsView.swift */,
			);
			name = Settings;
			sourceTree = "<group>";
		};
/* End PBXGroup section */

/* Begin PBXNativeTarget section */
		01195638FD4368829EA8D292 /* ClipMoar */ = {
			isa = PBXNativeTarget;
			buildConfigurationList = FB0CCE4F24ABBEBF8091E3DE /* Build configuration list for PBXNativeTarget "ClipMoar" */;
			buildPhases = (
				22DDDE771CDDD449A9A34061 /* Sources */,
				7AC0B24A68CDEB996E5F54C1 /* Frameworks */,
				B73CDE8D15D7C9E98E0E33DF /* Resources */,
			);
			buildRules = (
			);
			dependencies = (
			);
			name = ClipMoar;
			productName = ClipMoar;
			productReference = AC6D187ECEFDE7C273747BFD /* ClipMoar.app */;
			productType = "com.apple.product-type.application";
		};
		5CBB3EE1A6F9FD6F713780EA /* ClipMoarTests */ = {
			isa = PBXNativeTarget;
			buildConfigurationList = 970D0C2909252986B8709C80 /* Build configuration list for PBXNativeTarget "ClipMoarTests" */;
			buildPhases = (
				EB37E668FC528F163B753137 /* Sources */,
				AD5ED052204F51C3583B38A5 /* Frameworks */,
				0C0DBA21E45B774E693ED582 /* Resources */,
			);
			buildRules = (
			);
			dependencies = (
				9E3B26BA69D609E3538CA6E8 /* PBXTargetDependency */,
			);
			name = ClipMoarTests;
			productName = ClipMoarTests;
			productReference = 7B7A61C818A899F775BD940A /* ClipMoarTests.xctest */;
			productType = "com.apple.product-type.bundle.unit-test";
		};
/* End PBXNativeTarget section */

/* Begin PBXProject section */
		24223C2E3CED11DFFCED8D5A /* Project object */ = {
			isa = PBXProject;
			attributes = {
				LastSwiftUpdateCheck = 1600;
				LastUpgradeCheck = 2630;
				TargetAttributes = {
				};
			};
			buildConfigurationList = F0566209514F5E563A6ED206 /* Build configuration list for PBXProject "ClipMoar" */;
			compatibilityVersion = "Xcode 3.2";
			developmentRegion = en;
			hasScannedForEncodings = 0;
			knownRegions = (
				en,
				Base,
			);
			mainGroup = 031E38AA769EA36C636CEA81;
			minimizedProjectReferenceProxies = 0;
			preferredProjectObjectVersion = 77;
			productRefGroup = EC869386EE7DEB3A0E6DB1DB /* Products */;
			projectDirPath = "";
			projectRoot = "";
			targets = (
				01195638FD4368829EA8D292 /* ClipMoar */,
				5CBB3EE1A6F9FD6F713780EA /* ClipMoarTests */,
			);
		};
/* End PBXProject section */

/* Begin PBXResourcesBuildPhase section */
		0C0DBA21E45B774E693ED582 /* Resources */ = {
			isa = PBXResourcesBuildPhase;
			buildActionMask = 2147483647;
			files = (
			);
			runOnlyForDeploymentPostprocessing = 0;
		};
		B73CDE8D15D7C9E98E0E33DF /* Resources */ = {
			isa = PBXResourcesBuildPhase;
			buildActionMask = 2147483647;
			files = (
				FBD128897415DB6C50E66F3F /* AppIcon.icns in Resources */,
				09C5E014373D84165811E7FF /* github.png in Resources */,
				14E54AD38076B099B5376F0D /* header.png in Resources */,
				33E211DF6F9283DA848CBDB9 /* menubar_icon@2x.png in Resources */,
			);
			runOnlyForDeploymentPostprocessing = 0;
		};
/* End PBXResourcesBuildPhase section */

/* Begin PBXSourcesBuildPhase section */
		22DDDE771CDDD449A9A34061 /* Sources */ = {
			isa = PBXSourcesBuildPhase;
			buildActionMask = 2147483647;
			files = (
				01775B2BD2B984568E55356D /* AppCoordinator.swift in Sources */,
				BEE8755E96FB49D76BD521F0 /* AppDelegate.swift in Sources */,
				6863E4CE2D302156ABA988D8 /* ClipboardItem.swift in Sources */,
				D2713D0759AA68F17742A942 /* ClipboardItemType.swift in Sources */,
				D6914ADC0F996C397649CDBA /* ClipboardRule.swift in Sources */,
				418537AED088FCCE6BBDA95F /* CoreDataStack.swift in Sources */,
				73A6D0D1B0BAD27E58D1700C /* PanelConfiguration.swift in Sources */,
				36D82E8ED49958B83FAB9E58 /* Settings.swift in Sources */,
				0F160020109D9D9BD0F21B79 /* InterfacePreviews.swift in Sources */,
				27CFC0A4D85E4A709ED0D56E /* PreviewSupport.swift in Sources */,
				6FDE5E5E65507978F7A9B8A3 /* ClipboardActionService.swift in Sources */,
				F6C4241621372373257489C9 /* ClipboardRepository.swift in Sources */,
				D6B4AEA840B8BF566DB11459 /* ClipboardRuleEngine.swift in Sources */,
				E58B4A1E968A318DAE35D23D /* ClipboardService.swift in Sources */,
				2261EC018EAF678AB723DD99 /* FloatingPanelStateController.swift in Sources */,
				CCE8AF5F60CE8C1C11CA5829 /* HotkeyRecorder.swift in Sources */,
				4D3673F88879F6DA7CC93354 /* HotkeyService.swift in Sources */,
				CBC5D328113EC42C23E8035A /* KeyboardShortcutFormatter.swift in Sources */,
				55AD44A6D4F2F7AD615E8A9A /* ClipTableCellView.swift in Sources */,
				8C2F5CD1860925D33C8E2A6D /* ClipboardHistoryViewController.swift in Sources */,
				A58F80E57ACA4BA7624AD8FF /* FloatingClipboardViewController.swift in Sources */,
				E699972208D83AEF4F868BF8 /* FloatingPanel.swift in Sources */,
				E2642C30CFBD6183CDF7967A /* LargeTypeWindow.swift in Sources */,
				A4F9491AA1BA2D1C21D53E5A /* LookEditorController.swift in Sources */,
				BFCF45A4D9157B735FCFF12C /* MainWindowController.swift in Sources */,
				32CC580D9A9DB536F219149C /* PreferencesWindowController.swift in Sources */,
				B9A7F6201EE404E2BD154E6D /* ScreenPositionPicker.swift in Sources */,
				8B32ED1DB248772BD2481871 /* AboutSettingsView.swift in Sources */,
				756D7C382C79EEC588E1FFF1 /* GeneralSettingsView.swift in Sources */,
				EAB500F4AF4D8E47B5FEA74B /* HotkeySettingsView.swift in Sources */,
				1855078BA6D17174284D7522 /* LookAndFeelSettingsView.swift in Sources */,
				94BE40A22DF86C7C8458C822 /* RegexSettingsView.swift in Sources */,
				858C7FD7B8C1A1BE23A39C4D /* RulesSettingsView.swift in Sources */,
				8B8CBC8F2F1FE33469C4B532 /* SettingsView.swift in Sources */,
				E16FE688C6783796605A16BE /* TransformsSettingsView.swift in Sources */,
				17A7D358B168F586B5FE15DC /* main.swift in Sources */,
			);
			runOnlyForDeploymentPostprocessing = 0;
		};
		EB37E668FC528F163B753137 /* Sources */ = {
			isa = PBXSourcesBuildPhase;
			buildActionMask = 2147483647;
			files = (
				A383A4BB2ABBC7A7587B90BB /* ClipboardServiceTests.swift in Sources */,
				534A317D02EB59E483FDDB63 /* HotkeyServiceTests.swift in Sources */,
				183C43C675EEB624707AE0F4 /* PanelConfigurationTests.swift in Sources */,
			);
			runOnlyForDeploymentPostprocessing = 0;
		};
/* End PBXSourcesBuildPhase section */

/* Begin PBXTargetDependency section */
		9E3B26BA69D609E3538CA6E8 /* PBXTargetDependency */ = {
			isa = PBXTargetDependency;
			name = ClipMoar;
			target = 01195638FD4368829EA8D292 /* ClipMoar */;
			targetProxy = 8773BCDC31F209497AA300B7 /* PBXContainerItemProxy */;
		};
/* End PBXTargetDependency section */

/* Begin XCBuildConfiguration section */
		000E17F7A063CB87F98F470F /* Debug */ = {
			isa = XCBuildConfiguration;
			buildSettings = {
				BUNDLE_LOADER = "$(TEST_HOST)";
				CODE_SIGN_STYLE = Automatic;
				DEVELOPMENT_TEAM = "";
				ENABLE_TESTABILITY = YES;
				GENERATE_INFOPLIST_FILE = YES;
				LD_RUNPATH_SEARCH_PATHS = "$(inherited) @executable_path/../Frameworks @loader_path/../Frameworks";
				MACOSX_DEPLOYMENT_TARGET = 14.0;
				PRODUCT_BUNDLE_IDENTIFIER = com.noma4i.ClipMoarTests;
				PRODUCT_NAME = "$(TARGET_NAME)";
				SDKROOT = macosx;
				SWIFT_EMIT_LOC_STRINGS = YES;
				SWIFT_VERSION = 5.9;
				TEST_HOST = "$(BUILT_PRODUCTS_DIR)/ClipMoar.app/Contents/MacOS/ClipMoar";
			};
			name = Debug;
		};
		38D3ADE43C8062CF25FC2D32 /* Release */ = {
			isa = XCBuildConfiguration;
			buildSettings = {
				BUNDLE_LOADER = "$(TEST_HOST)";
				CODE_SIGN_STYLE = Automatic;
				DEVELOPMENT_TEAM = "";
				GENERATE_INFOPLIST_FILE = YES;
				LD_RUNPATH_SEARCH_PATHS = "$(inherited) @executable_path/../Frameworks @loader_path/../Frameworks";
				MACOSX_DEPLOYMENT_TARGET = 14.0;
				PRODUCT_BUNDLE_IDENTIFIER = com.noma4i.ClipMoarTests;
				PRODUCT_NAME = "$(TARGET_NAME)";
				SDKROOT = macosx;
				SWIFT_EMIT_LOC_STRINGS = YES;
				SWIFT_VERSION = 5.9;
				TEST_HOST = "$(BUILT_PRODUCTS_DIR)/ClipMoar.app/Contents/MacOS/ClipMoar";
			};
			name = Release;
		};
		5C42CD371A94DA66FD34C9F7 /* Debug */ = {
			isa = XCBuildConfiguration;
			buildSettings = {
				ASSETCATALOG_COMPILER_APPICON_NAME = AppIcon;
				ASSETCATALOG_COMPILER_GENERATE_SWIFT_ASSET_SYMBOL_EXTENSIONS = NO;
				ASSETCATALOG_COMPILER_GLOBAL_ACCENT_COLOR_NAME = AccentColor;
				CODE_SIGN_ENTITLEMENTS = ClipMoar/Resources/ClipMoar.entitlements;
				CODE_SIGN_STYLE = Automatic;
				COMBINE_HIDPI_IMAGES = YES;
				DEFINES_MODULE = YES;
				DEVELOPMENT_TEAM = "";
				ENABLE_HARDENED_RUNTIME = NO;
				ENABLE_TESTABILITY = YES;
				GENERATE_INFOPLIST_FILE = NO;
				INFOPLIST_FILE = ClipMoar/Resources/Info.plist;
				LD_RUNPATH_SEARCH_PATHS = "$(inherited) @executable_path/../Frameworks";
				MACOSX_DEPLOYMENT_TARGET = 14.0;
				PRODUCT_BUNDLE_IDENTIFIER = com.noma4i.ClipMoar;
				PRODUCT_NAME = "$(TARGET_NAME)";
				SDKROOT = macosx;
				SWIFT_EMIT_LOC_STRINGS = YES;
				SWIFT_OBJC_BRIDGING_HEADER = "";
				SWIFT_VERSION = 5.9;
			};
			name = Debug;
		};
		83952E0E37952E828D186B5B /* Release */ = {
			isa = XCBuildConfiguration;
			buildSettings = {
				ASSETCATALOG_COMPILER_APPICON_NAME = AppIcon;
				ASSETCATALOG_COMPILER_GENERATE_SWIFT_ASSET_SYMBOL_EXTENSIONS = NO;
				ASSETCATALOG_COMPILER_GLOBAL_ACCENT_COLOR_NAME = AccentColor;
				CODE_SIGN_ENTITLEMENTS = ClipMoar/Resources/ClipMoar.entitlements;
				CODE_SIGN_STYLE = Automatic;
				COMBINE_HIDPI_IMAGES = YES;
				DEFINES_MODULE = YES;
				DEVELOPMENT_TEAM = "";
				ENABLE_HARDENED_RUNTIME = NO;
				GENERATE_INFOPLIST_FILE = NO;
				INFOPLIST_FILE = ClipMoar/Resources/Info.plist;
				LD_RUNPATH_SEARCH_PATHS = "$(inherited) @executable_path/../Frameworks";
				MACOSX_DEPLOYMENT_TARGET = 14.0;
				PRODUCT_BUNDLE_IDENTIFIER = com.noma4i.ClipMoar;
				PRODUCT_NAME = "$(TARGET_NAME)";
				SDKROOT = macosx;
				SWIFT_EMIT_LOC_STRINGS = YES;
				SWIFT_OBJC_BRIDGING_HEADER = "";
				SWIFT_VERSION = 5.9;
			};
			name = Release;
		};
		B0DC0201B5BF95BCFB14FF59 /* Debug */ = {
			isa = XCBuildConfiguration;
			buildSettings = {
				ALWAYS_SEARCH_USER_PATHS = NO;
				CLANG_ANALYZER_NONNULL = YES;
				CLANG_ANALYZER_NUMBER_OBJECT_CONVERSION = YES_AGGRESSIVE;
				CLANG_CXX_LANGUAGE_STANDARD = "gnu++14";
				CLANG_CXX_LIBRARY = "libc++";
				CLANG_ENABLE_MODULES = YES;
				CLANG_ENABLE_OBJC_ARC = YES;
				CLANG_ENABLE_OBJC_WEAK = YES;
				CLANG_WARN_BLOCK_CAPTURE_AUTORELEASING = YES;
				CLANG_WARN_BOOL_CONVERSION = YES;
				CLANG_WARN_COMMA = YES;
				CLANG_WARN_CONSTANT_CONVERSION = YES;
				CLANG_WARN_DEPRECATED_OBJC_IMPLEMENTATIONS = YES;
				CLANG_WARN_DIRECT_OBJC_ISA_USAGE = YES_ERROR;
				CLANG_WARN_DOCUMENTATION_COMMENTS = YES;
				CLANG_WARN_EMPTY_BODY = YES;
				CLANG_WARN_ENUM_CONVERSION = YES;
				CLANG_WARN_INFINITE_RECURSION = YES;
				CLANG_WARN_INT_CONVERSION = YES;
				CLANG_WARN_NON_LITERAL_NULL_CONVERSION = YES;
				CLANG_WARN_OBJC_IMPLICIT_RETAIN_SELF = YES;
				CLANG_WARN_OBJC_LITERAL_CONVERSION = YES;
				CLANG_WARN_OBJC_ROOT_CLASS = YES_ERROR;
				CLANG_WARN_QUOTED_INCLUDE_IN_FRAMEWORK_HEADER = YES;
				CLANG_WARN_RANGE_LOOP_ANALYSIS = YES;
				CLANG_WARN_STRICT_PROTOTYPES = YES;
				CLANG_WARN_SUSPICIOUS_MOVE = YES;
				CLANG_WARN_UNGUARDED_AVAILABILITY = YES_AGGRESSIVE;
				CLANG_WARN_UNREACHABLE_CODE = YES;
				CLANG_WARN__DUPLICATE_METHOD_MATCH = YES;
				COPY_PHASE_STRIP = NO;
				DEBUG_INFORMATION_FORMAT = dwarf;
				ENABLE_STRICT_OBJC_MSGSEND = YES;
				ENABLE_TESTABILITY = YES;
				GCC_C_LANGUAGE_STANDARD = gnu11;
				GCC_DYNAMIC_NO_PIC = NO;
				GCC_NO_COMMON_BLOCKS = YES;
				GCC_OPTIMIZATION_LEVEL = 0;
				GCC_PREPROCESSOR_DEFINITIONS = (
					"DEBUG=1",
					"$(inherited)",
				);
				GCC_WARN_64_TO_32_BIT_CONVERSION = YES;
				GCC_WARN_ABOUT_RETURN_TYPE = YES_ERROR;
				GCC_WARN_UNDECLARED_SELECTOR = YES;
				GCC_WARN_UNINITIALIZED_AUTOS = YES_AGGRESSIVE;
				GCC_WARN_UNUSED_FUNCTION = YES;
				GCC_WARN_UNUSED_VARIABLE = YES;
				MTL_ENABLE_DEBUG_INFO = INCLUDE_SOURCE;
				MTL_FAST_MATH = YES;
				ONLY_ACTIVE_ARCH = YES;
				PRODUCT_NAME = "$(TARGET_NAME)";
				SWIFT_ACTIVE_COMPILATION_CONDITIONS = DEBUG;
				SWIFT_OPTIMIZATION_LEVEL = "-Onone";
				SWIFT_VERSION = 5.0;
			};
			name = Debug;
		};
		E45BD939E3E370306470A8DD /* Release */ = {
			isa = XCBuildConfiguration;
			buildSettings = {
				ALWAYS_SEARCH_USER_PATHS = NO;
				CLANG_ANALYZER_NONNULL = YES;
				CLANG_ANALYZER_NUMBER_OBJECT_CONVERSION = YES_AGGRESSIVE;
				CLANG_CXX_LANGUAGE_STANDARD = "gnu++14";
				CLANG_CXX_LIBRARY = "libc++";
				CLANG_ENABLE_MODULES = YES;
				CLANG_ENABLE_OBJC_ARC = YES;
				CLANG_ENABLE_OBJC_WEAK = YES;
				CLANG_WARN_BLOCK_CAPTURE_AUTORELEASING = YES;
				CLANG_WARN_BOOL_CONVERSION = YES;
				CLANG_WARN_COMMA = YES;
				CLANG_WARN_CONSTANT_CONVERSION = YES;
				CLANG_WARN_DEPRECATED_OBJC_IMPLEMENTATIONS = YES;
				CLANG_WARN_DIRECT_OBJC_ISA_USAGE = YES_ERROR;
				CLANG_WARN_DOCUMENTATION_COMMENTS = YES;
				CLANG_WARN_EMPTY_BODY = YES;
				CLANG_WARN_ENUM_CONVERSION = YES;
				CLANG_WARN_INFINITE_RECURSION = YES;
				CLANG_WARN_INT_CONVERSION = YES;
				CLANG_WARN_NON_LITERAL_NULL_CONVERSION = YES;
				CLANG_WARN_OBJC_IMPLICIT_RETAIN_SELF = YES;
				CLANG_WARN_OBJC_LITERAL_CONVERSION = YES;
				CLANG_WARN_OBJC_ROOT_CLASS = YES_ERROR;
				CLANG_WARN_QUOTED_INCLUDE_IN_FRAMEWORK_HEADER = YES;
				CLANG_WARN_RANGE_LOOP_ANALYSIS = YES;
				CLANG_WARN_STRICT_PROTOTYPES = YES;
				CLANG_WARN_SUSPICIOUS_MOVE = YES;
				CLANG_WARN_UNGUARDED_AVAILABILITY = YES_AGGRESSIVE;
				CLANG_WARN_UNREACHABLE_CODE = YES;
				CLANG_WARN__DUPLICATE_METHOD_MATCH = YES;
				COPY_PHASE_STRIP = NO;
				DEBUG_INFORMATION_FORMAT = "dwarf-with-dsym";
				ENABLE_NS_ASSERTIONS = NO;
				ENABLE_STRICT_OBJC_MSGSEND = YES;
				GCC_C_LANGUAGE_STANDARD = gnu11;
				GCC_NO_COMMON_BLOCKS = YES;
				GCC_WARN_64_TO_32_BIT_CONVERSION = YES;
				GCC_WARN_ABOUT_RETURN_TYPE = YES_ERROR;
				GCC_WARN_UNDECLARED_SELECTOR = YES;
				GCC_WARN_UNINITIALIZED_AUTOS = YES_AGGRESSIVE;
				GCC_WARN_UNUSED_FUNCTION = YES;
				GCC_WARN_UNUSED_VARIABLE = YES;
				MTL_ENABLE_DEBUG_INFO = NO;
				MTL_FAST_MATH = YES;
				PRODUCT_NAME = "$(TARGET_NAME)";
				SWIFT_COMPILATION_MODE = wholemodule;
				SWIFT_OPTIMIZATION_LEVEL = "-O";
				SWIFT_VERSION = 5.0;
			};
			name = Release;
		};
/* End XCBuildConfiguration section */

/* Begin XCConfigurationList section */
		970D0C2909252986B8709C80 /* Build configuration list for PBXNativeTarget "ClipMoarTests" */ = {
			isa = XCConfigurationList;
			buildConfigurations = (
				38D3ADE43C8062CF25FC2D32 /* Release */,
				000E17F7A063CB87F98F470F /* Debug */,
			);
			defaultConfigurationIsVisible = 0;
			defaultConfigurationName = Release;
		};
		F0566209514F5E563A6ED206 /* Build configuration list for PBXProject "ClipMoar" */ = {
			isa = XCConfigurationList;
			buildConfigurations = (
				B0DC0201B5BF95BCFB14FF59 /* Debug */,
				E45BD939E3E370306470A8DD /* Release */,
			);
			defaultConfigurationIsVisible = 0;
			defaultConfigurationName = Release;
		};
		FB0CCE4F24ABBEBF8091E3DE /* Build configuration list for PBXNativeTarget "ClipMoar" */ = {
			isa = XCConfigurationList;
			buildConfigurations = (
				83952E0E37952E828D186B5B /* Release */,
				5C42CD371A94DA66FD34C9F7 /* Debug */,
			);
			defaultConfigurationIsVisible = 0;
			defaultConfigurationName = Release;
		};
/* End XCConfigurationList section */
	};
	rootObject = 24223C2E3CED11DFFCED8D5A /* Project object */;
}
